
Microsoft Visual Studio Solution File, Format Version 12.00
# Visual Studio 15
VisualStudioVersion = 15.0.28307.421
MinimumVisualStudioVersion = 10.0.40219.1
Project("{8BC9CEB8-8B4A-11D0-8D11-00A0C91BC942}") = "png", "thirdparty\png1637\png.vcxproj", "{26E8BE2A-9314-3B99-B5BB-542E9EDE99BF}"
	ProjectSection(ProjectDependencies) = postProject
		{98370A1A-2305-3AE1-8D6B-0841290DE59E} = {98370A1A-2305-3AE1-8D6B-0841290DE59E}
	EndProjectSection
EndProject
Project("{2150E333-8FDC-42A3-9474-1A3956D46DE8}") = "0_thirdparty", "0_thirdparty", "{9A0BB4FD-6535-4148-9B50-FACAFC2B81A3}"
EndProject
Project("{8BC9CEB8-8B4A-11D0-8D11-00A0C91BC942}") = "libzlib", "thirdparty\zlib-1.2.12\libzlib.vcxproj", "{98370A1A-2305-3AE1-8D6B-0841290DE59E}"
EndProject
Project("{2150E333-8FDC-42A3-9474-1A3956D46DE8}") = "1_test", "1_test", "{7AA86695-0789-45A5-81F1-978F9F0FC732}"
EndProject
Project("{8BC9CEB8-8B4A-11D0-8D11-00A0C91BC942}") = "libpng", "thirdparty\png1637\libpng.vcxproj", "{30B09509-2893-3529-A441-F1C5EB136B61}"
EndProject
Project("{8BC9CEB8-8B4A-11D0-8D11-00A0C91BC942}") = "pngfix", "test\pngfix\pngfix.vcxproj", "{2DA4E813-9DFE-3503-A915-67AE4AC9F830}"
EndProject
Project("{8BC9CEB8-8B4A-11D0-8D11-00A0C91BC942}") = "png-fix-itxt", "test\png-fix-itxt\png-fix-itxt.vcxproj", "{727FBFCD-2D34-371B-8331-F6C0F591161B}"
EndProject
Project("{8BC9CEB8-8B4A-11D0-8D11-00A0C91BC942}") = "pngimage", "test\pngimage\pngimage.vcxproj", "{E9ADFCBD-9715-383C-A236-4750A69A5311}"
EndProject
Project("{8BC9CEB8-8B4A-11D0-8D11-00A0C91BC942}") = "pngstest", "test\pngstest\pngstest.vcxproj", "{ED219FCB-EB36-314E-9C68-AB74D03A2B1A}"
EndProject
Project("{8BC9CEB8-8B4A-11D0-8D11-00A0C91BC942}") = "pngtest", "test\pngtest\pngtest.vcxproj", "{898D47CC-9546-3334-A487-164A235915F2}"
EndProject
Project("{8BC9CEB8-8B4A-11D0-8D11-00A0C91BC942}") = "pngunknown", "test\pngunknown\pngunknown.vcxproj", "{05631E12-76C6-31FC-9432-F192BCA9C02F}"
EndProject
Project("{8BC9CEB8-8B4A-11D0-8D11-00A0C91BC942}") = "pngvalid", "test\pngvalid\pngvalid.vcxproj", "{62BA2A25-200F-3B62-B2C1-BFB8CB696361}"
EndProject
Project("{8BC9CEB8-8B4A-11D0-8D11-00A0C91BC942}") = "zlib", "thirdparty\zlib-1.2.12\zlib.vcxproj", "{A0AFD9EC-79C8-36CE-B0E8-1B7699B493C9}"
EndProject
Project("{2150E333-8FDC-42A3-9474-1A3956D46DE8}") = "0_lib", "0_lib", "{436CC751-1A7A-4941-A66D-9739DCE10E57}"
EndProject
Project("{2150E333-8FDC-42A3-9474-1A3956D46DE8}") = "1_dll", "1_dll", "{9876AB9B-B04F-4C5F-88C7-C7070BA530ED}"
EndProject
Global
	GlobalSection(SolutionConfigurationPlatforms) = preSolution
		Debug|x64 = Debug|x64
		Release|x64 = Release|x64
	EndGlobalSection
	GlobalSection(ProjectConfigurationPlatforms) = postSolution
		{26E8BE2A-9314-3B99-B5BB-542E9EDE99BF}.Debug|x64.ActiveCfg = Debug|x64
		{26E8BE2A-9314-3B99-B5BB-542E9EDE99BF}.Debug|x64.Build.0 = Debug|x64
		{26E8BE2A-9314-3B99-B5BB-542E9EDE99BF}.Release|x64.ActiveCfg = Release|x64
		{26E8BE2A-9314-3B99-B5BB-542E9EDE99BF}.Release|x64.Build.0 = Release|x64
		{98370A1A-2305-3AE1-8D6B-0841290DE59E}.Debug|x64.ActiveCfg = Debug|x64
		{98370A1A-2305-3AE1-8D6B-0841290DE59E}.Debug|x64.Build.0 = Debug|x64
		{98370A1A-2305-3AE1-8D6B-0841290DE59E}.Release|x64.ActiveCfg = Release|x64
		{98370A1A-2305-3AE1-8D6B-0841290DE59E}.Release|x64.Build.0 = Release|x64
		{30B09509-2893-3529-A441-F1C5EB136B61}.Debug|x64.ActiveCfg = Debug|x64
		{30B09509-2893-3529-A441-F1C5EB136B61}.Debug|x64.Build.0 = Debug|x64
		{30B09509-2893-3529-A441-F1C5EB136B61}.Release|x64.ActiveCfg = Release|x64
		{30B09509-2893-3529-A441-F1C5EB136B61}.Release|x64.Build.0 = Release|x64
		{2DA4E813-9DFE-3503-A915-67AE4AC9F830}.Debug|x64.ActiveCfg = Debug|x64
		{2DA4E813-9DFE-3503-A915-67AE4AC9F830}.Debug|x64.Build.0 = Debug|x64
		{2DA4E813-9DFE-3503-A915-67AE4AC9F830}.Release|x64.ActiveCfg = Release|x64
		{2DA4E813-9DFE-3503-A915-67AE4AC9F830}.Release|x64.Build.0 = Release|x64
		{727FBFCD-2D34-371B-8331-F6C0F591161B}.Debug|x64.ActiveCfg = Debug|x64
		{727FBFCD-2D34-371B-8331-F6C0F591161B}.Debug|x64.Build.0 = Debug|x64
		{727FBFCD-2D34-371B-8331-F6C0F591161B}.Release|x64.ActiveCfg = Release|x64
		{727FBFCD-2D34-371B-8331-F6C0F591161B}.Release|x64.Build.0 = Release|x64
		{E9ADFCBD-9715-383C-A236-4750A69A5311}.Debug|x64.ActiveCfg = Debug|x64
		{E9ADFCBD-9715-383C-A236-4750A69A5311}.Debug|x64.Build.0 = Debug|x64
		{E9ADFCBD-9715-383C-A236-4750A69A5311}.Release|x64.ActiveCfg = Release|x64
		{E9ADFCBD-9715-383C-A236-4750A69A5311}.Release|x64.Build.0 = Release|x64
		{ED219FCB-EB36-314E-9C68-AB74D03A2B1A}.Debug|x64.ActiveCfg = Debug|x64
		{ED219FCB-EB36-314E-9C68-AB74D03A2B1A}.Debug|x64.Build.0 = Debug|x64
		{ED219FCB-EB36-314E-9C68-AB74D03A2B1A}.Release|x64.ActiveCfg = Release|x64
		{ED219FCB-EB36-314E-9C68-AB74D03A2B1A}.Release|x64.Build.0 = Release|x64
		{898D47CC-9546-3334-A487-164A235915F2}.Debug|x64.ActiveCfg = Debug|x64
		{898D47CC-9546-3334-A487-164A235915F2}.Debug|x64.Build.0 = Debug|x64
		{898D47CC-9546-3334-A487-164A235915F2}.Release|x64.ActiveCfg = Release|x64
		{898D47CC-9546-3334-A487-164A235915F2}.Release|x64.Build.0 = Release|x64
		{05631E12-76C6-31FC-9432-F192BCA9C02F}.Debug|x64.ActiveCfg = Debug|x64
		{05631E12-76C6-31FC-9432-F192BCA9C02F}.Debug|x64.Build.0 = Debug|x64
		{05631E12-76C6-31FC-9432-F192BCA9C02F}.Release|x64.ActiveCfg = Release|x64
		{05631E12-76C6-31FC-9432-F192BCA9C02F}.Release|x64.Build.0 = Release|x64
		{62BA2A25-200F-3B62-B2C1-BFB8CB696361}.Debug|x64.ActiveCfg = Debug|x64
		{62BA2A25-200F-3B62-B2C1-BFB8CB696361}.Debug|x64.Build.0 = Debug|x64
		{62BA2A25-200F-3B62-B2C1-BFB8CB696361}.Release|x64.ActiveCfg = Release|x64
		{62BA2A25-200F-3B62-B2C1-BFB8CB696361}.Release|x64.Build.0 = Release|x64
		{A0AFD9EC-79C8-36CE-B0E8-1B7699B493C9}.Debug|x64.ActiveCfg = Debug|x64
		{A0AFD9EC-79C8-36CE-B0E8-1B7699B493C9}.Debug|x64.Build.0 = Debug|x64
		{A0AFD9EC-79C8-36CE-B0E8-1B7699B493C9}.Release|x64.ActiveCfg = Release|x64
		{A0AFD9EC-79C8-36CE-B0E8-1B7699B493C9}.Release|x64.Build.0 = Release|x64
	EndGlobalSection
	GlobalSection(SolutionProperties) = preSolution
		HideSolutionNode = FALSE
	EndGlobalSection
	GlobalSection(NestedProjects) = preSolution
		{26E8BE2A-9314-3B99-B5BB-542E9EDE99BF} = {9876AB9B-B04F-4C5F-88C7-C7070BA530ED}
		{98370A1A-2305-3AE1-8D6B-0841290DE59E} = {436CC751-1A7A-4941-A66D-9739DCE10E57}
		{30B09509-2893-3529-A441-F1C5EB136B61} = {436CC751-1A7A-4941-A66D-9739DCE10E57}
		{2DA4E813-9DFE-3503-A915-67AE4AC9F830} = {7AA86695-0789-45A5-81F1-978F9F0FC732}
		{727FBFCD-2D34-371B-8331-F6C0F591161B} = {7AA86695-0789-45A5-81F1-978F9F0FC732}
		{E9ADFCBD-9715-383C-A236-4750A69A5311} = {7AA86695-0789-45A5-81F1-978F9F0FC732}
		{ED219FCB-EB36-314E-9C68-AB74D03A2B1A} = {7AA86695-0789-45A5-81F1-978F9F0FC732}
		{898D47CC-9546-3334-A487-164A235915F2} = {7AA86695-0789-45A5-81F1-978F9F0FC732}
		{05631E12-76C6-31FC-9432-F192BCA9C02F} = {7AA86695-0789-45A5-81F1-978F9F0FC732}
		{62BA2A25-200F-3B62-B2C1-BFB8CB696361} = {7AA86695-0789-45A5-81F1-978F9F0FC732}
		{A0AFD9EC-79C8-36CE-B0E8-1B7699B493C9} = {9876AB9B-B04F-4C5F-88C7-C7070BA530ED}
		{436CC751-1A7A-4941-A66D-9739DCE10E57} = {9A0BB4FD-6535-4148-9B50-FACAFC2B81A3}
		{9876AB9B-B04F-4C5F-88C7-C7070BA530ED} = {9A0BB4FD-6535-4148-9B50-FACAFC2B81A3}
	EndGlobalSection
	GlobalSection(ExtensibilityGlobals) = postSolution
		SolutionGuid = {A0756BC0-A8F7-3AEE-8774-B18CAC9F3B9A}
	EndGlobalSection
EndGlobal
